{
  "object": {
    "pins": [
      {
        "package": "iOSIntPackage",
        "repositoryURL": "https://github.com/TrueMax/iOSIntPackage.git",
        "state": {
          "branch": "imagepublisher",
          "revision": "e1cc0e1b76d7cb8f770d903d85ae9ed91ae026bd",
          "version": null
        }
      },
      {
        "package": "SnapKit",
        "repositoryURL": "https://github.com/SnapKit/SnapKit.git",
        "state": {
          "branch": null,
          "revision": "d458564516e5676af9c70b4f4b2a9178294f1bc6",
          "version": "5.0.1"
        }
      }
    ]
  },
  "version": 1
}
